<?xml version="1.0" encoding="utf-8"?>
<Project ToolsVersion="4.0" xmlns="http://schemas.microsoft.com/developer/msbuild/2003">
  <ItemGroup>
    <Filter Include="ソース ファイル">
      <UniqueIdentifier>{4FC737F1-C7A5-4376-A066-2A32D752A2FF}</UniqueIdentifier>
      <Extensions>cpp;c;cc;cxx;c++;cppm;ixx;def;odl;idl;hpj;bat;asm;asmx</Extensions>
    </Filter>
    <Filter Include="ヘッダー ファイル">
      <UniqueIdentifier>{93995380-89BD-4b04-88EB-625FBE52EBFB}</UniqueIdentifier>
      <Extensions>h;hh;hpp;hxx;h++;hm;inl;inc;ipp;xsd</Extensions>
    </Filter>
    <Filter Include="リソース ファイル">
      <UniqueIdentifier>{67DA6AB6-F800-4c08-8B7A-83BB121AAD01}</UniqueIdentifier>
      <Extensions>rc;ico;cur;bmp;dlg;rc2;rct;bin;rgs;gif;jpg;jpeg;jpe;resx;tiff;tif;png;wav;mfcribbon-ms</Extensions>
    </Filter>
    <Filter Include="main">
      <UniqueIdentifier>{bf372ec3-9518-485a-92a9-1454911719c5}</UniqueIdentifier>
    </Filter>
    <Filter Include="window">
      <UniqueIdentifier>{8d1d8b72-8ab7-4c48-aaa5-f390cc89b3ed}</UniqueIdentifier>
    </Filter>
    <Filter Include="DirectX12">
      <UniqueIdentifier>{a6c6fd56-5665-4cff-92ff-86771475da0c}</UniqueIdentifier>
    </Filter>
    <Filter Include="Debug">
      <UniqueIdentifier>{678a7a97-2146-4dbb-a02b-f3fda0bdf53b}</UniqueIdentifier>
    </Filter>
  </ItemGroup>
  <ItemGroup>
    <ClCompile Include="..\main\main.cpp">
      <Filter>main</Filter>
    </ClCompile>
    <ClCompile Include="..\window\window.cpp">
      <Filter>window</Filter>
    </ClCompile>
    <ClCompile Include="..\main\Application.cpp">
      <Filter>main</Filter>
    </ClCompile>
    <ClCompile Include="..\Debug\Log.cpp">
      <Filter>Debug</Filter>
    </ClCompile>
    <ClCompile Include="..\Debug\Assert.cpp">
      <Filter>Debug</Filter>
    </ClCompile>
    <ClCompile Include="..\DirectX12\DXGI.cpp">
      <Filter>DirectX12</Filter>
    </ClCompile>
  </ItemGroup>
  <ItemGroup>
    <ClInclude Include="..\window\window.h">
      <Filter>window</Filter>
    </ClInclude>
    <ClInclude Include="..\DirectX12\DXGI.h">
      <Filter>DirectX12</Filter>
    </ClInclude>
    <ClInclude Include="..\main\Application.h">
      <Filter>main</Filter>
    </ClInclude>
    <ClInclude Include="..\Debug\Log.h">
      <Filter>Debug</Filter>
    </ClInclude>
    <ClInclude Include="..\Debug\Assert.h">
      <Filter>Debug</Filter>
    </ClInclude>
  </ItemGroup>
</Project>